
Microsoft Visual Studio Solution File, Format Version 12.00
# Visual Studio Version 17
VisualStudioVersion = 17.14.36121.58
MinimumVisualStudioVersion = 10.0.40219.1
Project("{2150E333-8FDC-42A3-9474-1A3956D46DE8}") = "src", "src", "{02EA681E-C7D8-13C7-8484-4AC65E1B71E8}"
EndProject
Project("{2150E333-8FDC-42A3-9474-1A3956D46DE8}") = "test", "test", "{EBDCC3A5-CD1B-4C52-AD41-4C7945CE667C}"
EndProject
Project("{FAE04EC0-301F-11D3-BF4B-00C04F79EFBC}") = "Bookify.Domain", "src\Bookify.Domain\Bookify.Domain.csproj", "{BDBAC0A0-715E-48D2-9130-B24E1ED11C67}"
EndProject
Project("{FAE04EC0-301F-11D3-BF4B-00C04F79EFBC}") = "Bookify.Application", "src\Bookify.Application\Bookify.Application.csproj", "{C6BD9A94-B84C-ADB6-B02C-4C6D0DE1ECE6}"
EndProject
Project("{FAE04EC0-301F-11D3-BF4B-00C04F79EFBC}") = "Bookify.Infrastructure", "src\Bookify.Infrastructure\Bookify.Infrastructure.csproj", "{1EB2F403-C08C-4AE9-96D3-E4E4F61730CA}"
EndProject
Project("{FAE04EC0-301F-11D3-BF4B-00C04F79EFBC}") = "Bookify.Api", "src\Bookify.Api\Bookify.Api.csproj", "{191AD0DB-9EA2-418E-BF1F-52E2472570F7}"
EndProject
Project("{2150E333-8FDC-42A3-9474-1A3956D46DE8}") = "sln", "sln", "{31D4E2D1-BC1A-4F8D-BA14-8C4C69C8D2CB}"
	ProjectSection(SolutionItems) = preProject
		build.cake = build.cake
		build.ps1 = build.ps1
		build.sh = build.sh
		docker-compose.yml = docker-compose.yml
		development\sql\handy.sql = development\sql\handy.sql
	EndProjectSection
EndProject
Project("{2150E333-8FDC-42A3-9474-1A3956D46DE8}") = "rest", "rest", "{4E614195-402C-40FA-8BF5-4C1C7A358A82}"
	ProjectSection(SolutionItems) = preProject
		development\rest\keycloak.http = development\rest\keycloak.http
		development\rest\bookify.http = development\rest\bookify.http
	EndProjectSection
EndProject
Global
	GlobalSection(SolutionConfigurationPlatforms) = preSolution
		Debug|Any CPU = Debug|Any CPU
		Debug|x64 = Debug|x64
		Debug|x86 = Debug|x86
		Release|Any CPU = Release|Any CPU
		Release|x64 = Release|x64
		Release|x86 = Release|x86
	EndGlobalSection
	GlobalSection(ProjectConfigurationPlatforms) = postSolution
		{BDBAC0A0-715E-48D2-9130-B24E1ED11C67}.Debug|Any CPU.ActiveCfg = Debug|Any CPU
		{BDBAC0A0-715E-48D2-9130-B24E1ED11C67}.Debug|Any CPU.Build.0 = Debug|Any CPU
		{BDBAC0A0-715E-48D2-9130-B24E1ED11C67}.Debug|x64.ActiveCfg = Debug|Any CPU
		{BDBAC0A0-715E-48D2-9130-B24E1ED11C67}.Debug|x64.Build.0 = Debug|Any CPU
		{BDBAC0A0-715E-48D2-9130-B24E1ED11C67}.Debug|x86.ActiveCfg = Debug|Any CPU
		{BDBAC0A0-715E-48D2-9130-B24E1ED11C67}.Debug|x86.Build.0 = Debug|Any CPU
		{BDBAC0A0-715E-48D2-9130-B24E1ED11C67}.Release|Any CPU.ActiveCfg = Release|Any CPU
		{BDBAC0A0-715E-48D2-9130-B24E1ED11C67}.Release|Any CPU.Build.0 = Release|Any CPU
		{BDBAC0A0-715E-48D2-9130-B24E1ED11C67}.Release|x64.ActiveCfg = Release|Any CPU
		{BDBAC0A0-715E-48D2-9130-B24E1ED11C67}.Release|x64.Build.0 = Release|Any CPU
		{BDBAC0A0-715E-48D2-9130-B24E1ED11C67}.Release|x86.ActiveCfg = Release|Any CPU
		{BDBAC0A0-715E-48D2-9130-B24E1ED11C67}.Release|x86.Build.0 = Release|Any CPU
		{C6BD9A94-B84C-ADB6-B02C-4C6D0DE1ECE6}.Debug|Any CPU.ActiveCfg = Debug|Any CPU
		{C6BD9A94-B84C-ADB6-B02C-4C6D0DE1ECE6}.Debug|Any CPU.Build.0 = Debug|Any CPU
		{C6BD9A94-B84C-ADB6-B02C-4C6D0DE1ECE6}.Debug|x64.ActiveCfg = Debug|Any CPU
		{C6BD9A94-B84C-ADB6-B02C-4C6D0DE1ECE6}.Debug|x64.Build.0 = Debug|Any CPU
		{C6BD9A94-B84C-ADB6-B02C-4C6D0DE1ECE6}.Debug|x86.ActiveCfg = Debug|Any CPU
		{C6BD9A94-B84C-ADB6-B02C-4C6D0DE1ECE6}.Debug|x86.Build.0 = Debug|Any CPU
		{C6BD9A94-B84C-ADB6-B02C-4C6D0DE1ECE6}.Release|Any CPU.ActiveCfg = Release|Any CPU
		{C6BD9A94-B84C-ADB6-B02C-4C6D0DE1ECE6}.Release|Any CPU.Build.0 = Release|Any CPU
		{C6BD9A94-B84C-ADB6-B02C-4C6D0DE1ECE6}.Release|x64.ActiveCfg = Release|Any CPU
		{C6BD9A94-B84C-ADB6-B02C-4C6D0DE1ECE6}.Release|x64.Build.0 = Release|Any CPU
		{C6BD9A94-B84C-ADB6-B02C-4C6D0DE1ECE6}.Release|x86.ActiveCfg = Release|Any CPU
		{C6BD9A94-B84C-ADB6-B02C-4C6D0DE1ECE6}.Release|x86.Build.0 = Release|Any CPU
		{1EB2F403-C08C-4AE9-96D3-E4E4F61730CA}.Debug|Any CPU.ActiveCfg = Debug|Any CPU
		{1EB2F403-C08C-4AE9-96D3-E4E4F61730CA}.Debug|Any CPU.Build.0 = Debug|Any CPU
		{1EB2F403-C08C-4AE9-96D3-E4E4F61730CA}.Debug|x64.ActiveCfg = Debug|Any CPU
		{1EB2F403-C08C-4AE9-96D3-E4E4F61730CA}.Debug|x64.Build.0 = Debug|Any CPU
		{1EB2F403-C08C-4AE9-96D3-E4E4F61730CA}.Debug|x86.ActiveCfg = Debug|Any CPU
		{1EB2F403-C08C-4AE9-96D3-E4E4F61730CA}.Debug|x86.Build.0 = Debug|Any CPU
		{1EB2F403-C08C-4AE9-96D3-E4E4F61730CA}.Release|Any CPU.ActiveCfg = Release|Any CPU
		{1EB2F403-C08C-4AE9-96D3-E4E4F61730CA}.Release|Any CPU.Build.0 = Release|Any CPU
		{1EB2F403-C08C-4AE9-96D3-E4E4F61730CA}.Release|x64.ActiveCfg = Release|Any CPU
		{1EB2F403-C08C-4AE9-96D3-E4E4F61730CA}.Release|x64.Build.0 = Release|Any CPU
		{1EB2F403-C08C-4AE9-96D3-E4E4F61730CA}.Release|x86.ActiveCfg = Release|Any CPU
		{1EB2F403-C08C-4AE9-96D3-E4E4F61730CA}.Release|x86.Build.0 = Release|Any CPU
		{191AD0DB-9EA2-418E-BF1F-52E2472570F7}.Debug|Any CPU.ActiveCfg = Debug|Any CPU
		{191AD0DB-9EA2-418E-BF1F-52E2472570F7}.Debug|Any CPU.Build.0 = Debug|Any CPU
		{191AD0DB-9EA2-418E-BF1F-52E2472570F7}.Debug|x64.ActiveCfg = Debug|Any CPU
		{191AD0DB-9EA2-418E-BF1F-52E2472570F7}.Debug|x64.Build.0 = Debug|Any CPU
		{191AD0DB-9EA2-418E-BF1F-52E2472570F7}.Debug|x86.ActiveCfg = Debug|Any CPU
		{191AD0DB-9EA2-418E-BF1F-52E2472570F7}.Debug|x86.Build.0 = Debug|Any CPU
		{191AD0DB-9EA2-418E-BF1F-52E2472570F7}.Release|Any CPU.ActiveCfg = Release|Any CPU
		{191AD0DB-9EA2-418E-BF1F-52E2472570F7}.Release|Any CPU.Build.0 = Release|Any CPU
		{191AD0DB-9EA2-418E-BF1F-52E2472570F7}.Release|x64.ActiveCfg = Release|Any CPU
		{191AD0DB-9EA2-418E-BF1F-52E2472570F7}.Release|x64.Build.0 = Release|Any CPU
		{191AD0DB-9EA2-418E-BF1F-52E2472570F7}.Release|x86.ActiveCfg = Release|Any CPU
		{191AD0DB-9EA2-418E-BF1F-52E2472570F7}.Release|x86.Build.0 = Release|Any CPU
	EndGlobalSection
	GlobalSection(SolutionProperties) = preSolution
		HideSolutionNode = FALSE
	EndGlobalSection
	GlobalSection(NestedProjects) = preSolution
		{BDBAC0A0-715E-48D2-9130-B24E1ED11C67} = {02EA681E-C7D8-13C7-8484-4AC65E1B71E8}
		{C6BD9A94-B84C-ADB6-B02C-4C6D0DE1ECE6} = {02EA681E-C7D8-13C7-8484-4AC65E1B71E8}
		{1EB2F403-C08C-4AE9-96D3-E4E4F61730CA} = {02EA681E-C7D8-13C7-8484-4AC65E1B71E8}
		{191AD0DB-9EA2-418E-BF1F-52E2472570F7} = {02EA681E-C7D8-13C7-8484-4AC65E1B71E8}
		{4E614195-402C-40FA-8BF5-4C1C7A358A82} = {31D4E2D1-BC1A-4F8D-BA14-8C4C69C8D2CB}
	EndGlobalSection
	GlobalSection(ExtensibilityGlobals) = postSolution
		SolutionGuid = {1C5AA3FB-263B-4107-822A-23BD314D3AA0}
	EndGlobalSection
EndGlobal
